
Microsoft Visual Studio Solution File, Format Version 12.00
# Visual Studio 15
VisualStudioVersion = 15.0.27428.2015
MinimumVisualStudioVersion = 10.0.40219.1
Project("{FAE04EC0-301F-11D3-BF4B-00C04F79EFBC}") = "Entity_Visualiser", "Entity_Visualiser\Entity_Visualiser.csproj", "{98566CF0-55E7-46C7-9D01-20713349988D}"
EndProject
Global
	GlobalSection(SolutionConfigurationPlatforms) = preSolution
		Debug|Any CPU = Debug|Any CPU
		Release|Any CPU = Release|Any CPU
	EndGlobalSection
	GlobalSection(ProjectConfigurationPlatforms) = postSolution
		{98566CF0-55E7-46C7-9D01-20713349988D}.Debug|Any CPU.ActiveCfg = Debug|Any CPU
		{98566CF0-55E7-46C7-9D01-20713349988D}.Debug|Any CPU.Build.0 = Debug|Any CPU
		{98566CF0-55E7-46C7-9D01-20713349988D}.Release|Any CPU.ActiveCfg = Release|Any CPU
		{98566CF0-55E7-46C7-9D01-20713349988D}.Release|Any CPU.Build.0 = Release|Any CPU
	EndGlobalSection
	GlobalSection(SolutionProperties) = preSolution
		HideSolutionNode = FALSE
	EndGlobalSection
	GlobalSection(ExtensibilityGlobals) = postSolution
		SolutionGuid = {BD853FDF-2CEF-4C5E-9FA6-E1571E147DED}
	EndGlobalSection
EndGlobal
